
Microsoft Visual Studio Solution File, Format Version 12.00
# Visual Studio 15
VisualStudioVersion = 15.0.28010.2036
MinimumVisualStudioVersion = 10.0.40219.1
Project("{FAE04EC0-301F-11D3-BF4B-00C04F79EFBC}") = "state_pattern", "state_pattern\state_pattern.csproj", "{134F5E60-E64C-4490-926E-E716A0D48E9A}"
EndProject
Global
	GlobalSection(SolutionConfigurationPlatforms) = preSolution
		Debug|Any CPU = Debug|Any CPU
		Release|Any CPU = Release|Any CPU
	EndGlobalSection
	GlobalSection(ProjectConfigurationPlatforms) = postSolution
		{134F5E60-E64C-4490-926E-E716A0D48E9A}.Debug|Any CPU.ActiveCfg = Debug|Any CPU
		{134F5E60-E64C-4490-926E-E716A0D48E9A}.Debug|Any CPU.Build.0 = Debug|Any CPU
		{134F5E60-E64C-4490-926E-E716A0D48E9A}.Release|Any CPU.ActiveCfg = Release|Any CPU
		{134F5E60-E64C-4490-926E-E716A0D48E9A}.Release|Any CPU.Build.0 = Release|Any CPU
	EndGlobalSection
	GlobalSection(SolutionProperties) = preSolution
		HideSolutionNode = FALSE
	EndGlobalSection
	GlobalSection(ExtensibilityGlobals) = postSolution
		SolutionGuid = {896F3F35-98DE-4B81-96D3-C1214D82A5EB}
	EndGlobalSection
EndGlobal
