
Microsoft Visual Studio Solution File, Format Version 12.00
# Visual Studio 15
VisualStudioVersion = 15.0.28010.2036
MinimumVisualStudioVersion = 10.0.40219.1
Project("{FAE04EC0-301F-11D3-BF4B-00C04F79EFBC}") = "the_chain_of_responsibility", "the_chain_of_responsibility\the_chain_of_responsibility.csproj", "{CBAC2D9E-8400-44CA-8296-A2A590D654B4}"
EndProject
Global
	GlobalSection(SolutionConfigurationPlatforms) = preSolution
		Debug|Any CPU = Debug|Any CPU
		Release|Any CPU = Release|Any CPU
	EndGlobalSection
	GlobalSection(ProjectConfigurationPlatforms) = postSolution
		{CBAC2D9E-8400-44CA-8296-A2A590D654B4}.Debug|Any CPU.ActiveCfg = Debug|Any CPU
		{CBAC2D9E-8400-44CA-8296-A2A590D654B4}.Debug|Any CPU.Build.0 = Debug|Any CPU
		{CBAC2D9E-8400-44CA-8296-A2A590D654B4}.Release|Any CPU.ActiveCfg = Release|Any CPU
		{CBAC2D9E-8400-44CA-8296-A2A590D654B4}.Release|Any CPU.Build.0 = Release|Any CPU
	EndGlobalSection
	GlobalSection(SolutionProperties) = preSolution
		HideSolutionNode = FALSE
	EndGlobalSection
	GlobalSection(ExtensibilityGlobals) = postSolution
		SolutionGuid = {8816AC32-CAB7-4F7A-A64C-0E7A7FECA9BB}
	EndGlobalSection
EndGlobal
