
Microsoft Visual Studio Solution File, Format Version 12.00
# Visual Studio 15
VisualStudioVersion = 15.0.28010.2036
MinimumVisualStudioVersion = 10.0.40219.1
Project("{FAE04EC0-301F-11D3-BF4B-00C04F79EFBC}") = "composite_pattern_bet", "composite_pattern_bet\composite_pattern_bet.csproj", "{9DB48B66-690A-420E-B44A-C1DF915A507A}"
EndProject
Global
	GlobalSection(SolutionConfigurationPlatforms) = preSolution
		Debug|Any CPU = Debug|Any CPU
		Release|Any CPU = Release|Any CPU
	EndGlobalSection
	GlobalSection(ProjectConfigurationPlatforms) = postSolution
		{9DB48B66-690A-420E-B44A-C1DF915A507A}.Debug|Any CPU.ActiveCfg = Debug|Any CPU
		{9DB48B66-690A-420E-B44A-C1DF915A507A}.Debug|Any CPU.Build.0 = Debug|Any CPU
		{9DB48B66-690A-420E-B44A-C1DF915A507A}.Release|Any CPU.ActiveCfg = Release|Any CPU
		{9DB48B66-690A-420E-B44A-C1DF915A507A}.Release|Any CPU.Build.0 = Release|Any CPU
	EndGlobalSection
	GlobalSection(SolutionProperties) = preSolution
		HideSolutionNode = FALSE
	EndGlobalSection
	GlobalSection(ExtensibilityGlobals) = postSolution
		SolutionGuid = {DBF41404-638D-45F2-B266-B6310ADD2E7D}
	EndGlobalSection
EndGlobal
