
Microsoft Visual Studio Solution File, Format Version 12.00
# Visual Studio 15
VisualStudioVersion = 15.0.28010.2036
MinimumVisualStudioVersion = 10.0.40219.1
Project("{FAE04EC0-301F-11D3-BF4B-00C04F79EFBC}") = "iterator_pattern", "iterator_pattern\iterator_pattern.csproj", "{D484A834-63CC-4206-A781-418CC73F7D8D}"
EndProject
Global
	GlobalSection(SolutionConfigurationPlatforms) = preSolution
		Debug|Any CPU = Debug|Any CPU
		Release|Any CPU = Release|Any CPU
	EndGlobalSection
	GlobalSection(ProjectConfigurationPlatforms) = postSolution
		{D484A834-63CC-4206-A781-418CC73F7D8D}.Debug|Any CPU.ActiveCfg = Debug|Any CPU
		{D484A834-63CC-4206-A781-418CC73F7D8D}.Debug|Any CPU.Build.0 = Debug|Any CPU
		{D484A834-63CC-4206-A781-418CC73F7D8D}.Release|Any CPU.ActiveCfg = Release|Any CPU
		{D484A834-63CC-4206-A781-418CC73F7D8D}.Release|Any CPU.Build.0 = Release|Any CPU
	EndGlobalSection
	GlobalSection(SolutionProperties) = preSolution
		HideSolutionNode = FALSE
	EndGlobalSection
	GlobalSection(ExtensibilityGlobals) = postSolution
		SolutionGuid = {4104EC8B-09B6-4AB0-9255-5D2F6E216A39}
	EndGlobalSection
EndGlobal
