
Microsoft Visual Studio Solution File, Format Version 12.00
# Visual Studio 15
VisualStudioVersion = 15.0.28010.2036
MinimumVisualStudioVersion = 10.0.40219.1
Project("{FAE04EC0-301F-11D3-BF4B-00C04F79EFBC}") = "fabric_pattern_bet", "fabric_pattern_bet\fabric_pattern_bet.csproj", "{2CCA12AB-B76D-46F8-BC86-F393BA95ED68}"
EndProject
Global
	GlobalSection(SolutionConfigurationPlatforms) = preSolution
		Debug|Any CPU = Debug|Any CPU
		Release|Any CPU = Release|Any CPU
	EndGlobalSection
	GlobalSection(ProjectConfigurationPlatforms) = postSolution
		{2CCA12AB-B76D-46F8-BC86-F393BA95ED68}.Debug|Any CPU.ActiveCfg = Debug|Any CPU
		{2CCA12AB-B76D-46F8-BC86-F393BA95ED68}.Debug|Any CPU.Build.0 = Debug|Any CPU
		{2CCA12AB-B76D-46F8-BC86-F393BA95ED68}.Release|Any CPU.ActiveCfg = Release|Any CPU
		{2CCA12AB-B76D-46F8-BC86-F393BA95ED68}.Release|Any CPU.Build.0 = Release|Any CPU
	EndGlobalSection
	GlobalSection(SolutionProperties) = preSolution
		HideSolutionNode = FALSE
	EndGlobalSection
	GlobalSection(ExtensibilityGlobals) = postSolution
		SolutionGuid = {040FAA9B-DA61-4BBE-9213-015BD1DE4DBF}
	EndGlobalSection
EndGlobal
