
Microsoft Visual Studio Solution File, Format Version 12.00
# Visual Studio 15
VisualStudioVersion = 15.0.28010.2036
MinimumVisualStudioVersion = 10.0.40219.1
Project("{FAE04EC0-301F-11D3-BF4B-00C04F79EFBC}") = "strategy_pattern", "strategy_pattern\strategy_pattern.csproj", "{DE5D73F6-9E9F-4494-AB46-8420AFD83996}"
EndProject
Global
	GlobalSection(SolutionConfigurationPlatforms) = preSolution
		Debug|Any CPU = Debug|Any CPU
		Release|Any CPU = Release|Any CPU
	EndGlobalSection
	GlobalSection(ProjectConfigurationPlatforms) = postSolution
		{DE5D73F6-9E9F-4494-AB46-8420AFD83996}.Debug|Any CPU.ActiveCfg = Debug|Any CPU
		{DE5D73F6-9E9F-4494-AB46-8420AFD83996}.Debug|Any CPU.Build.0 = Debug|Any CPU
		{DE5D73F6-9E9F-4494-AB46-8420AFD83996}.Release|Any CPU.ActiveCfg = Release|Any CPU
		{DE5D73F6-9E9F-4494-AB46-8420AFD83996}.Release|Any CPU.Build.0 = Release|Any CPU
	EndGlobalSection
	GlobalSection(SolutionProperties) = preSolution
		HideSolutionNode = FALSE
	EndGlobalSection
	GlobalSection(ExtensibilityGlobals) = postSolution
		SolutionGuid = {1535E1DA-9186-4FE8-9728-BD459DD5AF2F}
	EndGlobalSection
EndGlobal
