
Microsoft Visual Studio Solution File, Format Version 12.00
# Visual Studio 15
VisualStudioVersion = 15.0.28010.2036
MinimumVisualStudioVersion = 10.0.40219.1
Project("{FAE04EC0-301F-11D3-BF4B-00C04F79EFBC}") = "pattern_abstract_fabric_bet", "pattern_abstract_fabric_bet\pattern_abstract_fabric_bet.csproj", "{57A344AC-6E25-4D1D-AD80-6DCBCCC75468}"
EndProject
Global
	GlobalSection(SolutionConfigurationPlatforms) = preSolution
		Debug|Any CPU = Debug|Any CPU
		Release|Any CPU = Release|Any CPU
	EndGlobalSection
	GlobalSection(ProjectConfigurationPlatforms) = postSolution
		{57A344AC-6E25-4D1D-AD80-6DCBCCC75468}.Debug|Any CPU.ActiveCfg = Debug|Any CPU
		{57A344AC-6E25-4D1D-AD80-6DCBCCC75468}.Debug|Any CPU.Build.0 = Debug|Any CPU
		{57A344AC-6E25-4D1D-AD80-6DCBCCC75468}.Release|Any CPU.ActiveCfg = Release|Any CPU
		{57A344AC-6E25-4D1D-AD80-6DCBCCC75468}.Release|Any CPU.Build.0 = Release|Any CPU
	EndGlobalSection
	GlobalSection(SolutionProperties) = preSolution
		HideSolutionNode = FALSE
	EndGlobalSection
	GlobalSection(ExtensibilityGlobals) = postSolution
		SolutionGuid = {A6707ECA-0FB3-43FB-8FCF-8BAB85614361}
	EndGlobalSection
EndGlobal
