
Microsoft Visual Studio Solution File, Format Version 12.00
# Visual Studio 15
VisualStudioVersion = 15.0.28010.2036
MinimumVisualStudioVersion = 10.0.40219.1
Project("{FAE04EC0-301F-11D3-BF4B-00C04F79EFBC}") = "flyweight_pattern_bet", "flyweight_pattern_bet\flyweight_pattern_bet.csproj", "{90DB1B94-EE9D-429D-B7C2-A16896E0D8FB}"
EndProject
Global
	GlobalSection(SolutionConfigurationPlatforms) = preSolution
		Debug|Any CPU = Debug|Any CPU
		Release|Any CPU = Release|Any CPU
	EndGlobalSection
	GlobalSection(ProjectConfigurationPlatforms) = postSolution
		{90DB1B94-EE9D-429D-B7C2-A16896E0D8FB}.Debug|Any CPU.ActiveCfg = Debug|Any CPU
		{90DB1B94-EE9D-429D-B7C2-A16896E0D8FB}.Debug|Any CPU.Build.0 = Debug|Any CPU
		{90DB1B94-EE9D-429D-B7C2-A16896E0D8FB}.Release|Any CPU.ActiveCfg = Release|Any CPU
		{90DB1B94-EE9D-429D-B7C2-A16896E0D8FB}.Release|Any CPU.Build.0 = Release|Any CPU
	EndGlobalSection
	GlobalSection(SolutionProperties) = preSolution
		HideSolutionNode = FALSE
	EndGlobalSection
	GlobalSection(ExtensibilityGlobals) = postSolution
		SolutionGuid = {372C3847-3B7A-42E9-A94A-889D7AA0AC5A}
	EndGlobalSection
EndGlobal
