
Microsoft Visual Studio Solution File, Format Version 12.00
# Visual Studio 15
VisualStudioVersion = 15.0.28010.2036
MinimumVisualStudioVersion = 10.0.40219.1
Project("{FAE04EC0-301F-11D3-BF4B-00C04F79EFBC}") = "builder_pattern_bet", "builder_pattern_bet\builder_pattern_bet.csproj", "{A1CF6E06-C51F-4898-831F-26ACA09A8DD1}"
EndProject
Global
	GlobalSection(SolutionConfigurationPlatforms) = preSolution
		Debug|Any CPU = Debug|Any CPU
		Release|Any CPU = Release|Any CPU
	EndGlobalSection
	GlobalSection(ProjectConfigurationPlatforms) = postSolution
		{A1CF6E06-C51F-4898-831F-26ACA09A8DD1}.Debug|Any CPU.ActiveCfg = Debug|Any CPU
		{A1CF6E06-C51F-4898-831F-26ACA09A8DD1}.Debug|Any CPU.Build.0 = Debug|Any CPU
		{A1CF6E06-C51F-4898-831F-26ACA09A8DD1}.Release|Any CPU.ActiveCfg = Release|Any CPU
		{A1CF6E06-C51F-4898-831F-26ACA09A8DD1}.Release|Any CPU.Build.0 = Release|Any CPU
	EndGlobalSection
	GlobalSection(SolutionProperties) = preSolution
		HideSolutionNode = FALSE
	EndGlobalSection
	GlobalSection(ExtensibilityGlobals) = postSolution
		SolutionGuid = {5A738CF6-3A3F-4827-8968-0BA13C07AD3C}
	EndGlobalSection
EndGlobal
